
Microsoft Visual Studio Solution File, Format Version 12.00
# Visual Studio Version 17
VisualStudioVersion = 17.0.31903.59
MinimumVisualStudioVersion = 10.0.40219.1
Project("{FAE04EC0-301F-11D3-BF4B-00C04F79EFBC}") = "onurkdev-ManavPOS", "onurkdev-ManavPOS\onurkdev-ManavPOS.csproj", "{BEBB9294-2F3C-4C3C-9A54-CAE9DDC59BEA}"
EndProject
Global
	GlobalSection(SolutionConfigurationPlatforms) = preSolution
		Debug|Any CPU = Debug|Any CPU
		Release|Any CPU = Release|Any CPU
	EndGlobalSection
	GlobalSection(ProjectConfigurationPlatforms) = postSolution
		{BEBB9294-2F3C-4C3C-9A54-CAE9DDC59BEA}.Debug|Any CPU.ActiveCfg = Debug|Any CPU
		{BEBB9294-2F3C-4C3C-9A54-CAE9DDC59BEA}.Debug|Any CPU.Build.0 = Debug|Any CPU
		{BEBB9294-2F3C-4C3C-9A54-CAE9DDC59BEA}.Release|Any CPU.ActiveCfg = Release|Any CPU
		{BEBB9294-2F3C-4C3C-9A54-CAE9DDC59BEA}.Release|Any CPU.Build.0 = Release|Any CPU
	EndGlobalSection
	GlobalSection(SolutionProperties) = preSolution
		HideSolutionNode = FALSE
	EndGlobalSection
	GlobalSection(ExtensibilityGlobals) = postSolution
		SolutionGuid = {3E544A91-C467-4A42-825D-B49FE53D1163}
	EndGlobalSection
EndGlobal
